
Microsoft Visual Studio Solution File, Format Version 12.00
# Visual Studio Version 16
VisualStudioVersion = 16.0.31025.194
MinimumVisualStudioVersion = 10.0.40219.1
Project("{FAE04EC0-301F-11D3-BF4B-00C04F79EFBC}") = "API", "API\API.csproj", "{9E199972-4404-4DC5-95AA-A13520BD3E03}"
EndProject
Project("{FAE04EC0-301F-11D3-BF4B-00C04F79EFBC}") = "Application", "Application\Application.csproj", "{6F7351FC-9222-4FC0-82CA-9756335EE630}"
	ProjectSection(ProjectDependencies) = postProject
		{666A1457-3204-41DE-A315-FBD9E80471C6} = {666A1457-3204-41DE-A315-FBD9E80471C6}
		{E6D13AF2-BF0D-4284-A2A7-88BF13178D52} = {E6D13AF2-BF0D-4284-A2A7-88BF13178D52}
	EndProjectSection
EndProject
Project("{FAE04EC0-301F-11D3-BF4B-00C04F79EFBC}") = "Domain", "Domain\Domain.csproj", "{666A1457-3204-41DE-A315-FBD9E80471C6}"
EndProject
Project("{FAE04EC0-301F-11D3-BF4B-00C04F79EFBC}") = "Persistence", "Persistence\Persistence.csproj", "{E6D13AF2-BF0D-4284-A2A7-88BF13178D52}"
	ProjectSection(ProjectDependencies) = postProject
		{666A1457-3204-41DE-A315-FBD9E80471C6} = {666A1457-3204-41DE-A315-FBD9E80471C6}
	EndProjectSection
EndProject
Global
	GlobalSection(SolutionConfigurationPlatforms) = preSolution
		Debug|Any CPU = Debug|Any CPU
		Release|Any CPU = Release|Any CPU
	EndGlobalSection
	GlobalSection(ProjectConfigurationPlatforms) = postSolution
		{9E199972-4404-4DC5-95AA-A13520BD3E03}.Debug|Any CPU.ActiveCfg = Debug|Any CPU
		{9E199972-4404-4DC5-95AA-A13520BD3E03}.Debug|Any CPU.Build.0 = Debug|Any CPU
		{9E199972-4404-4DC5-95AA-A13520BD3E03}.Release|Any CPU.ActiveCfg = Release|Any CPU
		{9E199972-4404-4DC5-95AA-A13520BD3E03}.Release|Any CPU.Build.0 = Release|Any CPU
		{6F7351FC-9222-4FC0-82CA-9756335EE630}.Debug|Any CPU.ActiveCfg = Debug|Any CPU
		{6F7351FC-9222-4FC0-82CA-9756335EE630}.Debug|Any CPU.Build.0 = Debug|Any CPU
		{6F7351FC-9222-4FC0-82CA-9756335EE630}.Release|Any CPU.ActiveCfg = Release|Any CPU
		{6F7351FC-9222-4FC0-82CA-9756335EE630}.Release|Any CPU.Build.0 = Release|Any CPU
		{666A1457-3204-41DE-A315-FBD9E80471C6}.Debug|Any CPU.ActiveCfg = Debug|Any CPU
		{666A1457-3204-41DE-A315-FBD9E80471C6}.Debug|Any CPU.Build.0 = Debug|Any CPU
		{666A1457-3204-41DE-A315-FBD9E80471C6}.Release|Any CPU.ActiveCfg = Release|Any CPU
		{666A1457-3204-41DE-A315-FBD9E80471C6}.Release|Any CPU.Build.0 = Release|Any CPU
		{E6D13AF2-BF0D-4284-A2A7-88BF13178D52}.Debug|Any CPU.ActiveCfg = Debug|Any CPU
		{E6D13AF2-BF0D-4284-A2A7-88BF13178D52}.Debug|Any CPU.Build.0 = Debug|Any CPU
		{E6D13AF2-BF0D-4284-A2A7-88BF13178D52}.Release|Any CPU.ActiveCfg = Release|Any CPU
		{E6D13AF2-BF0D-4284-A2A7-88BF13178D52}.Release|Any CPU.Build.0 = Release|Any CPU
	EndGlobalSection
	GlobalSection(SolutionProperties) = preSolution
		HideSolutionNode = FALSE
	EndGlobalSection
	GlobalSection(ExtensibilityGlobals) = postSolution
		SolutionGuid = {43DCCF8E-E95F-425A-977C-3C58A6391C80}
	EndGlobalSection
EndGlobal
